
Microsoft Visual Studio Solution File, Format Version 12.00
# Visual Studio Version 17
VisualStudioVersion = 17.3.32901.215
MinimumVisualStudioVersion = 10.0.40219.1
Project("{8BC9CEB8-8B4A-11D0-8D11-00A0C91BC942}") = "Lab2-1S", "Lab2\Lab2.vcxproj", "{A405C975-5C5B-4A11-AD18-608A349F8505}"
EndProject
Project("{8BC9CEB8-8B4A-11D0-8D11-00A0C91BC942}") = "Lab2-2C", "Lab2-2\Lab2-2.vcxproj", "{501879FA-837E-4B19-A232-9E9EF335326C}"
EndProject
Project("{8BC9CEB8-8B4A-11D0-8D11-00A0C91BC942}") = "Lab3-1", "Lab3-1\Lab3-1.vcxproj", "{038BE8C4-0191-4D84-B6C5-DCB1B84E2204}"
EndProject
Project("{8BC9CEB8-8B4A-11D0-8D11-00A0C91BC942}") = "Lab3-2", "Lab3-2\3-2.vcxproj", "{619E2058-4183-42B6-8419-3AB53B1FE53E}"
EndProject
Project("{8BC9CEB8-8B4A-11D0-8D11-00A0C91BC942}") = "Lab4ClientBroadcast", "ClientBroadcast\ClientBroadcast.vcxproj", "{50F2B812-E785-44CA-A706-7B248BE94A36}"
EndProject
Project("{8BC9CEB8-8B4A-11D0-8D11-00A0C91BC942}") = "Lab4ServerBroadcast", "ServerBroadcast\ServerBroadcast.vcxproj", "{64DE08D2-0413-4F40-BE93-9598B6BF5A94}"
EndProject
Project("{8BC9CEB8-8B4A-11D0-8D11-00A0C91BC942}") = "Client(DNS)", "Client(DNS)\Client(DNS).vcxproj", "{B7BA437B-E110-46BF-A3E0-D515F4BE8146}"
EndProject
Project("{8BC9CEB8-8B4A-11D0-8D11-00A0C91BC942}") = "Server(DNS)", "Server(DNS)\Server(DNS).vcxproj", "{77A2CA8C-C8BA-4735-ABD5-A59B43FF5A53}"
EndProject
Project("{2150E333-8FDC-42A3-9474-1A3956D46DE8}") = "5", "5", "{B93F30B7-C4FB-4644-B7F9-48EB81338836}"
EndProject
Project("{2150E333-8FDC-42A3-9474-1A3956D46DE8}") = "4", "4", "{77BC1F4D-A7A8-46DC-87AD-7D7C55A8C604}"
EndProject
Project("{2150E333-8FDC-42A3-9474-1A3956D46DE8}") = "3", "3", "{31443604-7518-4495-A7F8-34D0354F1B4E}"
EndProject
Project("{2150E333-8FDC-42A3-9474-1A3956D46DE8}") = "2", "2", "{C0A38161-A459-4C75-9B21-68F4708B8A6E}"
EndProject
Project("{2150E333-8FDC-42A3-9474-1A3956D46DE8}") = "6", "6", "{73806C35-D435-47A3-B9F1-460559BE38E2}"
EndProject
Project("{8BC9CEB8-8B4A-11D0-8D11-00A0C91BC942}") = "1ClientNP", "Lab6\ClientNP\ClientNP.vcxproj", "{57CC7720-6460-47E2-9EF3-6740228F8327}"
EndProject
Project("{8BC9CEB8-8B4A-11D0-8D11-00A0C91BC942}") = "3ClientNPct", "Lab6\ClientNPct\ClientNPct.vcxproj", "{72D40D21-4655-4236-9926-192625AFC201}"
EndProject
Project("{8BC9CEB8-8B4A-11D0-8D11-00A0C91BC942}") = "2ClientNPt", "Lab6\ClientNPt\ClientNPt.vcxproj", "{236D2853-EC31-4A51-A766-37D90C576677}"
EndProject
Project("{8BC9CEB8-8B4A-11D0-8D11-00A0C91BC942}") = "0ServerNP", "Lab6\ServerNP\ServerNP.vcxproj", "{252733AD-90A4-41BF-BF5C-F28595641972}"
EndProject
Project("{2150E333-8FDC-42A3-9474-1A3956D46DE8}") = "7", "7", "{80EF5E28-7AE4-415B-90D1-B8BB41E271CD}"
EndProject
Project("{8BC9CEB8-8B4A-11D0-8D11-00A0C91BC942}") = "ClientMS", "Lab7\ClientMS\ClientMS.vcxproj", "{372A6870-AFD7-40E9-8A49-1AEFFCE1E8CF}"
EndProject
Project("{8BC9CEB8-8B4A-11D0-8D11-00A0C91BC942}") = "ServerMS", "Lab7\ServerMS\ServerMS.vcxproj", "{562C5333-6B18-45E6-B2F0-3666DC254DBA}"
EndProject
Global
	GlobalSection(SolutionConfigurationPlatforms) = preSolution
		Debug|x64 = Debug|x64
		Debug|x86 = Debug|x86
		Release|x64 = Release|x64
		Release|x86 = Release|x86
	EndGlobalSection
	GlobalSection(ProjectConfigurationPlatforms) = postSolution
		{A405C975-5C5B-4A11-AD18-608A349F8505}.Debug|x64.ActiveCfg = Debug|x64
		{A405C975-5C5B-4A11-AD18-608A349F8505}.Debug|x64.Build.0 = Debug|x64
		{A405C975-5C5B-4A11-AD18-608A349F8505}.Debug|x86.ActiveCfg = Debug|Win32
		{A405C975-5C5B-4A11-AD18-608A349F8505}.Debug|x86.Build.0 = Debug|Win32
		{A405C975-5C5B-4A11-AD18-608A349F8505}.Release|x64.ActiveCfg = Release|x64
		{A405C975-5C5B-4A11-AD18-608A349F8505}.Release|x64.Build.0 = Release|x64
		{A405C975-5C5B-4A11-AD18-608A349F8505}.Release|x86.ActiveCfg = Release|Win32
		{A405C975-5C5B-4A11-AD18-608A349F8505}.Release|x86.Build.0 = Release|Win32
		{501879FA-837E-4B19-A232-9E9EF335326C}.Debug|x64.ActiveCfg = Debug|x64
		{501879FA-837E-4B19-A232-9E9EF335326C}.Debug|x64.Build.0 = Debug|x64
		{501879FA-837E-4B19-A232-9E9EF335326C}.Debug|x86.ActiveCfg = Debug|Win32
		{501879FA-837E-4B19-A232-9E9EF335326C}.Debug|x86.Build.0 = Debug|Win32
		{501879FA-837E-4B19-A232-9E9EF335326C}.Release|x64.ActiveCfg = Release|x64
		{501879FA-837E-4B19-A232-9E9EF335326C}.Release|x64.Build.0 = Release|x64
		{501879FA-837E-4B19-A232-9E9EF335326C}.Release|x86.ActiveCfg = Release|Win32
		{501879FA-837E-4B19-A232-9E9EF335326C}.Release|x86.Build.0 = Release|Win32
		{038BE8C4-0191-4D84-B6C5-DCB1B84E2204}.Debug|x64.ActiveCfg = Debug|x64
		{038BE8C4-0191-4D84-B6C5-DCB1B84E2204}.Debug|x64.Build.0 = Debug|x64
		{038BE8C4-0191-4D84-B6C5-DCB1B84E2204}.Debug|x86.ActiveCfg = Debug|Win32
		{038BE8C4-0191-4D84-B6C5-DCB1B84E2204}.Debug|x86.Build.0 = Debug|Win32
		{038BE8C4-0191-4D84-B6C5-DCB1B84E2204}.Release|x64.ActiveCfg = Release|x64
		{038BE8C4-0191-4D84-B6C5-DCB1B84E2204}.Release|x64.Build.0 = Release|x64
		{038BE8C4-0191-4D84-B6C5-DCB1B84E2204}.Release|x86.ActiveCfg = Release|Win32
		{038BE8C4-0191-4D84-B6C5-DCB1B84E2204}.Release|x86.Build.0 = Release|Win32
		{619E2058-4183-42B6-8419-3AB53B1FE53E}.Debug|x64.ActiveCfg = Debug|x64
		{619E2058-4183-42B6-8419-3AB53B1FE53E}.Debug|x64.Build.0 = Debug|x64
		{619E2058-4183-42B6-8419-3AB53B1FE53E}.Debug|x86.ActiveCfg = Debug|Win32
		{619E2058-4183-42B6-8419-3AB53B1FE53E}.Debug|x86.Build.0 = Debug|Win32
		{619E2058-4183-42B6-8419-3AB53B1FE53E}.Release|x64.ActiveCfg = Release|x64
		{619E2058-4183-42B6-8419-3AB53B1FE53E}.Release|x64.Build.0 = Release|x64
		{619E2058-4183-42B6-8419-3AB53B1FE53E}.Release|x86.ActiveCfg = Release|Win32
		{619E2058-4183-42B6-8419-3AB53B1FE53E}.Release|x86.Build.0 = Release|Win32
		{50F2B812-E785-44CA-A706-7B248BE94A36}.Debug|x64.ActiveCfg = Debug|x64
		{50F2B812-E785-44CA-A706-7B248BE94A36}.Debug|x64.Build.0 = Debug|x64
		{50F2B812-E785-44CA-A706-7B248BE94A36}.Debug|x86.ActiveCfg = Debug|Win32
		{50F2B812-E785-44CA-A706-7B248BE94A36}.Debug|x86.Build.0 = Debug|Win32
		{50F2B812-E785-44CA-A706-7B248BE94A36}.Release|x64.ActiveCfg = Release|x64
		{50F2B812-E785-44CA-A706-7B248BE94A36}.Release|x64.Build.0 = Release|x64
		{50F2B812-E785-44CA-A706-7B248BE94A36}.Release|x86.ActiveCfg = Release|Win32
		{50F2B812-E785-44CA-A706-7B248BE94A36}.Release|x86.Build.0 = Release|Win32
		{64DE08D2-0413-4F40-BE93-9598B6BF5A94}.Debug|x64.ActiveCfg = Debug|x64
		{64DE08D2-0413-4F40-BE93-9598B6BF5A94}.Debug|x64.Build.0 = Debug|x64
		{64DE08D2-0413-4F40-BE93-9598B6BF5A94}.Debug|x86.ActiveCfg = Debug|Win32
		{64DE08D2-0413-4F40-BE93-9598B6BF5A94}.Debug|x86.Build.0 = Debug|Win32
		{64DE08D2-0413-4F40-BE93-9598B6BF5A94}.Release|x64.ActiveCfg = Release|x64
		{64DE08D2-0413-4F40-BE93-9598B6BF5A94}.Release|x64.Build.0 = Release|x64
		{64DE08D2-0413-4F40-BE93-9598B6BF5A94}.Release|x86.ActiveCfg = Release|Win32
		{64DE08D2-0413-4F40-BE93-9598B6BF5A94}.Release|x86.Build.0 = Release|Win32
		{B7BA437B-E110-46BF-A3E0-D515F4BE8146}.Debug|x64.ActiveCfg = Debug|x64
		{B7BA437B-E110-46BF-A3E0-D515F4BE8146}.Debug|x64.Build.0 = Debug|x64
		{B7BA437B-E110-46BF-A3E0-D515F4BE8146}.Debug|x86.ActiveCfg = Debug|Win32
		{B7BA437B-E110-46BF-A3E0-D515F4BE8146}.Debug|x86.Build.0 = Debug|Win32
		{B7BA437B-E110-46BF-A3E0-D515F4BE8146}.Release|x64.ActiveCfg = Release|x64
		{B7BA437B-E110-46BF-A3E0-D515F4BE8146}.Release|x64.Build.0 = Release|x64
		{B7BA437B-E110-46BF-A3E0-D515F4BE8146}.Release|x86.ActiveCfg = Release|Win32
		{B7BA437B-E110-46BF-A3E0-D515F4BE8146}.Release|x86.Build.0 = Release|Win32
		{77A2CA8C-C8BA-4735-ABD5-A59B43FF5A53}.Debug|x64.ActiveCfg = Debug|x64
		{77A2CA8C-C8BA-4735-ABD5-A59B43FF5A53}.Debug|x64.Build.0 = Debug|x64
		{77A2CA8C-C8BA-4735-ABD5-A59B43FF5A53}.Debug|x86.ActiveCfg = Debug|Win32
		{77A2CA8C-C8BA-4735-ABD5-A59B43FF5A53}.Debug|x86.Build.0 = Debug|Win32
		{77A2CA8C-C8BA-4735-ABD5-A59B43FF5A53}.Release|x64.ActiveCfg = Release|x64
		{77A2CA8C-C8BA-4735-ABD5-A59B43FF5A53}.Release|x64.Build.0 = Release|x64
		{77A2CA8C-C8BA-4735-ABD5-A59B43FF5A53}.Release|x86.ActiveCfg = Release|Win32
		{77A2CA8C-C8BA-4735-ABD5-A59B43FF5A53}.Release|x86.Build.0 = Release|Win32
		{57CC7720-6460-47E2-9EF3-6740228F8327}.Debug|x64.ActiveCfg = Debug|x64
		{57CC7720-6460-47E2-9EF3-6740228F8327}.Debug|x64.Build.0 = Debug|x64
		{57CC7720-6460-47E2-9EF3-6740228F8327}.Debug|x86.ActiveCfg = Debug|Win32
		{57CC7720-6460-47E2-9EF3-6740228F8327}.Debug|x86.Build.0 = Debug|Win32
		{57CC7720-6460-47E2-9EF3-6740228F8327}.Release|x64.ActiveCfg = Release|x64
		{57CC7720-6460-47E2-9EF3-6740228F8327}.Release|x64.Build.0 = Release|x64
		{57CC7720-6460-47E2-9EF3-6740228F8327}.Release|x86.ActiveCfg = Release|Win32
		{57CC7720-6460-47E2-9EF3-6740228F8327}.Release|x86.Build.0 = Release|Win32
		{72D40D21-4655-4236-9926-192625AFC201}.Debug|x64.ActiveCfg = Debug|x64
		{72D40D21-4655-4236-9926-192625AFC201}.Debug|x64.Build.0 = Debug|x64
		{72D40D21-4655-4236-9926-192625AFC201}.Debug|x86.ActiveCfg = Debug|Win32
		{72D40D21-4655-4236-9926-192625AFC201}.Debug|x86.Build.0 = Debug|Win32
		{72D40D21-4655-4236-9926-192625AFC201}.Release|x64.ActiveCfg = Release|x64
		{72D40D21-4655-4236-9926-192625AFC201}.Release|x64.Build.0 = Release|x64
		{72D40D21-4655-4236-9926-192625AFC201}.Release|x86.ActiveCfg = Release|Win32
		{72D40D21-4655-4236-9926-192625AFC201}.Release|x86.Build.0 = Release|Win32
		{236D2853-EC31-4A51-A766-37D90C576677}.Debug|x64.ActiveCfg = Debug|x64
		{236D2853-EC31-4A51-A766-37D90C576677}.Debug|x64.Build.0 = Debug|x64
		{236D2853-EC31-4A51-A766-37D90C576677}.Debug|x86.ActiveCfg = Debug|Win32
		{236D2853-EC31-4A51-A766-37D90C576677}.Debug|x86.Build.0 = Debug|Win32
		{236D2853-EC31-4A51-A766-37D90C576677}.Release|x64.ActiveCfg = Release|x64
		{236D2853-EC31-4A51-A766-37D90C576677}.Release|x64.Build.0 = Release|x64
		{236D2853-EC31-4A51-A766-37D90C576677}.Release|x86.ActiveCfg = Release|Win32
		{236D2853-EC31-4A51-A766-37D90C576677}.Release|x86.Build.0 = Release|Win32
		{252733AD-90A4-41BF-BF5C-F28595641972}.Debug|x64.ActiveCfg = Debug|x64
		{252733AD-90A4-41BF-BF5C-F28595641972}.Debug|x64.Build.0 = Debug|x64
		{252733AD-90A4-41BF-BF5C-F28595641972}.Debug|x86.ActiveCfg = Debug|Win32
		{252733AD-90A4-41BF-BF5C-F28595641972}.Debug|x86.Build.0 = Debug|Win32
		{252733AD-90A4-41BF-BF5C-F28595641972}.Release|x64.ActiveCfg = Release|x64
		{252733AD-90A4-41BF-BF5C-F28595641972}.Release|x64.Build.0 = Release|x64
		{252733AD-90A4-41BF-BF5C-F28595641972}.Release|x86.ActiveCfg = Release|Win32
		{252733AD-90A4-41BF-BF5C-F28595641972}.Release|x86.Build.0 = Release|Win32
		{372A6870-AFD7-40E9-8A49-1AEFFCE1E8CF}.Debug|x64.ActiveCfg = Debug|x64
		{372A6870-AFD7-40E9-8A49-1AEFFCE1E8CF}.Debug|x64.Build.0 = Debug|x64
		{372A6870-AFD7-40E9-8A49-1AEFFCE1E8CF}.Debug|x86.ActiveCfg = Debug|Win32
		{372A6870-AFD7-40E9-8A49-1AEFFCE1E8CF}.Debug|x86.Build.0 = Debug|Win32
		{372A6870-AFD7-40E9-8A49-1AEFFCE1E8CF}.Release|x64.ActiveCfg = Release|x64
		{372A6870-AFD7-40E9-8A49-1AEFFCE1E8CF}.Release|x64.Build.0 = Release|x64
		{372A6870-AFD7-40E9-8A49-1AEFFCE1E8CF}.Release|x86.ActiveCfg = Release|Win32
		{372A6870-AFD7-40E9-8A49-1AEFFCE1E8CF}.Release|x86.Build.0 = Release|Win32
		{562C5333-6B18-45E6-B2F0-3666DC254DBA}.Debug|x64.ActiveCfg = Debug|x64
		{562C5333-6B18-45E6-B2F0-3666DC254DBA}.Debug|x64.Build.0 = Debug|x64
		{562C5333-6B18-45E6-B2F0-3666DC254DBA}.Debug|x86.ActiveCfg = Debug|Win32
		{562C5333-6B18-45E6-B2F0-3666DC254DBA}.Debug|x86.Build.0 = Debug|Win32
		{562C5333-6B18-45E6-B2F0-3666DC254DBA}.Release|x64.ActiveCfg = Release|x64
		{562C5333-6B18-45E6-B2F0-3666DC254DBA}.Release|x64.Build.0 = Release|x64
		{562C5333-6B18-45E6-B2F0-3666DC254DBA}.Release|x86.ActiveCfg = Release|Win32
		{562C5333-6B18-45E6-B2F0-3666DC254DBA}.Release|x86.Build.0 = Release|Win32
	EndGlobalSection
	GlobalSection(SolutionProperties) = preSolution
		HideSolutionNode = FALSE
	EndGlobalSection
	GlobalSection(NestedProjects) = preSolution
		{A405C975-5C5B-4A11-AD18-608A349F8505} = {C0A38161-A459-4C75-9B21-68F4708B8A6E}
		{501879FA-837E-4B19-A232-9E9EF335326C} = {C0A38161-A459-4C75-9B21-68F4708B8A6E}
		{038BE8C4-0191-4D84-B6C5-DCB1B84E2204} = {31443604-7518-4495-A7F8-34D0354F1B4E}
		{619E2058-4183-42B6-8419-3AB53B1FE53E} = {31443604-7518-4495-A7F8-34D0354F1B4E}
		{50F2B812-E785-44CA-A706-7B248BE94A36} = {77BC1F4D-A7A8-46DC-87AD-7D7C55A8C604}
		{64DE08D2-0413-4F40-BE93-9598B6BF5A94} = {77BC1F4D-A7A8-46DC-87AD-7D7C55A8C604}
		{B7BA437B-E110-46BF-A3E0-D515F4BE8146} = {B93F30B7-C4FB-4644-B7F9-48EB81338836}
		{77A2CA8C-C8BA-4735-ABD5-A59B43FF5A53} = {B93F30B7-C4FB-4644-B7F9-48EB81338836}
		{57CC7720-6460-47E2-9EF3-6740228F8327} = {73806C35-D435-47A3-B9F1-460559BE38E2}
		{72D40D21-4655-4236-9926-192625AFC201} = {73806C35-D435-47A3-B9F1-460559BE38E2}
		{236D2853-EC31-4A51-A766-37D90C576677} = {73806C35-D435-47A3-B9F1-460559BE38E2}
		{252733AD-90A4-41BF-BF5C-F28595641972} = {73806C35-D435-47A3-B9F1-460559BE38E2}
		{372A6870-AFD7-40E9-8A49-1AEFFCE1E8CF} = {80EF5E28-7AE4-415B-90D1-B8BB41E271CD}
		{562C5333-6B18-45E6-B2F0-3666DC254DBA} = {80EF5E28-7AE4-415B-90D1-B8BB41E271CD}
	EndGlobalSection
	GlobalSection(ExtensibilityGlobals) = postSolution
		SolutionGuid = {0E91BE1E-BCE3-44F0-AA81-B37BA60BB8FC}
	EndGlobalSection
EndGlobal
